{
  "nodes": {
    "nixpkgs": {
      "locked": {
        "lastModified": 1783604885,
        "narHash": "sha256-E/v/PHozqkEfjEy5iyvJJ+aQxgH+XV6hOjle67HQ+P4=",
        "rev": "767b0d3ec98a143ad9ed7dfc0d5553510ac27133",
        "type": "tarball",
        "url": "https://releases.nixos.org/nixpkgs/nixpkgs-26.11pre1031701.767b0d3ec98a/nixexprs.tar.xz"
      },
      "original": {
        "id": "nixpkgs",
        "type": "indirect"
      }
    },
    "root": {
      "inputs": {
        "nixpkgs": "nixpkgs"
      }
    }
  },
  "root": "root",
  "version": 7
}
