{
  "nodes": {
    "nixpkgs": {
      "locked": {
        "lastModified": 1738927596,
        "narHash": "sha256-oZLdIlpBKY+WEJlKMafIUK+MBqddHreSeGc4b4yF1uU=",
        "owner": "NixOS",
        "repo": "nixpkgs",
        "rev": "d98abf5cf5914e5e4e9d57205e3af55ca90ffc1d",
        "type": "github"
      },
      "original": {
        "id": "nixpkgs",
        "type": "indirect"
      }
    },
    "root": {
      "inputs": {
        "nixpkgs": "nixpkgs"
      }
    }
  },
  "root": "root",
  "version": 7
}
